packages:
  - package: dbt-labs/dbt_utils
    version: 1.1.1
  - package: calogica/dbt_date
    version: 0.10.0
  - git: https://github.com/dbt-labs/dbt-audit-helper.git
    revision: c0be07f84e61dd01517292a15a2c084af9c95f01
  - package: Snowflake-Labs/dbt_constraints
    version: 1.0.3
  - package: dbt-labs/dbt_project_evaluator
    version: 0.14.1
sha1_hash: 7b400930ac7ca9eb0c98ad3e9c6f9f5bd74f0b6f
