packages:
  - package: dbt-labs/dbt_utils
    version: 1.1.1
  - package: calogica/dbt_date
    version: 0.10.0
  - git: https://github.com/dbt-labs/dbt-audit-helper.git
    revision: c0be07f84e61dd01517292a15a2c084af9c95f01
  - package: Snowflake-Labs/dbt_constraints
    version: 1.0.3
sha1_hash: e33418a7898360a6b08daae5e130dd1cc5c3a97a
